// !$*UTF8*$!
{
	archiveVersion = 1;
	classes = {
	};
	objectVersion = 56;
	objects = {

/* Begin PBXBuildFile section */
		2F3A8BEE2B0BA2B300D2C01D /* String.swift in Sources */ = {isa = PBXBuildFile; fileRef = 2F3A8BED2B0BA2B300D2C01D /* String.swift */; };
		2F3C82A32B08263D00A5C446 /* OffersPage.swift in Sources */ = {isa = PBXBuildFile; fileRef = 2F3C82A22B08263D00A5C446 /* OffersPage.swift */; };
		2F3C82A72B082A0500A5C446 /* MenuPage.swift in Sources */ = {isa = PBXBuildFile; fileRef = 2F3C82A62B082A0500A5C446 /* MenuPage.swift */; };
		2F3C82A92B082A0E00A5C446 /* OrderPage.swift in Sources */ = {isa = PBXBuildFile; fileRef = 2F3C82A82B082A0E00A5C446 /* OrderPage.swift */; };
		2F3C82AB2B082A1500A5C446 /* InfoPage.swift in Sources */ = {isa = PBXBuildFile; fileRef = 2F3C82AA2B082A1500A5C446 /* InfoPage.swift */; };
		2F3C82AD2B082A9800A5C446 /* ProductItemView.swift in Sources */ = {isa = PBXBuildFile; fileRef = 2F3C82AC2B082A9800A5C446 /* ProductItemView.swift */; };
		2F4F88992B0AA7860039667B /* MockupUtilities.swift in Sources */ = {isa = PBXBuildFile; fileRef = 2F4F88982B0AA7860039667B /* MockupUtilities.swift */; };
		2F4F889B2B0AAA0D0039667B /* CartItem.swift in Sources */ = {isa = PBXBuildFile; fileRef = 2F4F889A2B0AAA0D0039667B /* CartItem.swift */; };
		2F8EFAED2B07C7870052EDCC /* CoffeeMastersApp.swift in Sources */ = {isa = PBXBuildFile; fileRef = 2F8EFAEC2B07C7870052EDCC /* CoffeeMastersApp.swift */; };
		2F8EFAEF2B07C7870052EDCC /* ContentView.swift in Sources */ = {isa = PBXBuildFile; fileRef = 2F8EFAEE2B07C7870052EDCC /* ContentView.swift */; };
		2F8EFAF12B07C7890052EDCC /* Assets.xcassets in Resources */ = {isa = PBXBuildFile; fileRef = 2F8EFAF02B07C7890052EDCC /* Assets.xcassets */; };
		2F8EFAF42B07C7890052EDCC /* Preview Assets.xcassets in Resources */ = {isa = PBXBuildFile; fileRef = 2F8EFAF32B07C7890052EDCC /* Preview Assets.xcassets */; };
		2F8EFAFB2B07EF2A0052EDCC /* SpecialOfferView.swift in Sources */ = {isa = PBXBuildFile; fileRef = 2F8EFAFA2B07EF2A0052EDCC /* SpecialOfferView.swift */; };
		2F8FB4F12B09005A000B881B /* DetailsPage.swift in Sources */ = {isa = PBXBuildFile; fileRef = 2F8FB4F02B09005A000B881B /* DetailsPage.swift */; };
		2F8FB4F42B090297000B881B /* Category.swift in Sources */ = {isa = PBXBuildFile; fileRef = 2F8FB4F32B090297000B881B /* Category.swift */; };
		2F8FB4F62B0902AB000B881B /* Product.swift in Sources */ = {isa = PBXBuildFile; fileRef = 2F8FB4F52B0902AB000B881B /* Product.swift */; };
		2F8FB4F82B090486000B881B /* MenuManager.swift in Sources */ = {isa = PBXBuildFile; fileRef = 2F8FB4F72B090486000B881B /* MenuManager.swift */; };
		2F8FB4FA2B0905CF000B881B /* CartManager.swift in Sources */ = {isa = PBXBuildFile; fileRef = 2F8FB4F92B0905CF000B881B /* CartManager.swift */; };
		2F8FB4FE2B090834000B881B /* CartItemView.swift in Sources */ = {isa = PBXBuildFile; fileRef = 2F8FB4FD2B090834000B881B /* CartItemView.swift */; };
		2F8FB5012B090B8A000B881B /* Alamofire in Frameworks */ = {isa = PBXBuildFile; productRef = 2F8FB5002B090B8A000B881B /* Alamofire */; };
/* End PBXBuildFile section */

/* Begin PBXFileReference section */
		2F3A8BED2B0BA2B300D2C01D /* String.swift */ = {isa = PBXFileReference; lastKnownFileType = sourcecode.swift; path = String.swift; sourceTree = "<group>"; };
		2F3C82A22B08263D00A5C446 /* OffersPage.swift */ = {isa = PBXFileReference; lastKnownFileType = sourcecode.swift; path = OffersPage.swift; sourceTree = "<group>"; };
		2F3C82A62B082A0500A5C446 /* MenuPage.swift */ = {isa = PBXFileReference; lastKnownFileType = sourcecode.swift; path = MenuPage.swift; sourceTree = "<group>"; };
		2F3C82A82B082A0E00A5C446 /* OrderPage.swift */ = {isa = PBXFileReference; lastKnownFileType = sourcecode.swift; path = OrderPage.swift; sourceTree = "<group>"; };
		2F3C82AA2B082A1500A5C446 /* InfoPage.swift */ = {isa = PBXFileReference; lastKnownFileType = sourcecode.swift; path = InfoPage.swift; sourceTree = "<group>"; };
		2F3C82AC2B082A9800A5C446 /* ProductItemView.swift */ = {isa = PBXFileReference; lastKnownFileType = sourcecode.swift; path = ProductItemView.swift; sourceTree = "<group>"; };
		2F4F88982B0AA7860039667B /* MockupUtilities.swift */ = {isa = PBXFileReference; lastKnownFileType = sourcecode.swift; path = MockupUtilities.swift; sourceTree = "<group>"; };
		2F4F889A2B0AAA0D0039667B /* CartItem.swift */ = {isa = PBXFileReference; lastKnownFileType = sourcecode.swift; path = CartItem.swift; sourceTree = "<group>"; };
		2F8EFAE92B07C7870052EDCC /* CoffeeMasters.app */ = {isa = PBXFileReference; explicitFileType = wrapper.application; includeInIndex = 0; path = CoffeeMasters.app; sourceTree = BUILT_PRODUCTS_DIR; };
		2F8EFAEC2B07C7870052EDCC /* CoffeeMastersApp.swift */ = {isa = PBXFileReference; lastKnownFileType = sourcecode.swift; path = CoffeeMastersApp.swift; sourceTree = "<group>"; };
		2F8EFAEE2B07C7870052EDCC /* ContentView.swift */ = {isa = PBXFileReference; lastKnownFileType = sourcecode.swift; path = ContentView.swift; sourceTree = "<group>"; };
		2F8EFAF02B07C7890052EDCC /* Assets.xcassets */ = {isa = PBXFileReference; lastKnownFileType = folder.assetcatalog; path = Assets.xcassets; sourceTree = "<group>"; };
		2F8EFAF32B07C7890052EDCC /* Preview Assets.xcassets */ = {isa = PBXFileReference; lastKnownFileType = folder.assetcatalog; path = "Preview Assets.xcassets"; sourceTree = "<group>"; };
		2F8EFAFA2B07EF2A0052EDCC /* SpecialOfferView.swift */ = {isa = PBXFileReference; lastKnownFileType = sourcecode.swift; path = SpecialOfferView.swift; sourceTree = "<group>"; };
		2F8FB4F02B09005A000B881B /* DetailsPage.swift */ = {isa = PBXFileReference; lastKnownFileType = sourcecode.swift; path = DetailsPage.swift; sourceTree = "<group>"; };
		2F8FB4F32B090297000B881B /* Category.swift */ = {isa = PBXFileReference; lastKnownFileType = sourcecode.swift; path = Category.swift; sourceTree = "<group>"; };
		2F8FB4F52B0902AB000B881B /* Product.swift */ = {isa = PBXFileReference; lastKnownFileType = sourcecode.swift; path = Product.swift; sourceTree = "<group>"; };
		2F8FB4F72B090486000B881B /* MenuManager.swift */ = {isa = PBXFileReference; lastKnownFileType = sourcecode.swift; path = MenuManager.swift; sourceTree = "<group>"; };
		2F8FB4F92B0905CF000B881B /* CartManager.swift */ = {isa = PBXFileReference; lastKnownFileType = sourcecode.swift; path = CartManager.swift; sourceTree = "<group>"; };
		2F8FB4FD2B090834000B881B /* CartItemView.swift */ = {isa = PBXFileReference; lastKnownFileType = sourcecode.swift; path = CartItemView.swift; sourceTree = "<group>"; };
		2F8FB5022B093A6C000B881B /* Info.plist */ = {isa = PBXFileReference; lastKnownFileType = text.plist; path = Info.plist; sourceTree = "<group>"; };
/* End PBXFileReference section */

/* Begin PBXFrameworksBuildPhase section */
		2F8EFAE62B07C7870052EDCC /* Frameworks */ = {
			isa = PBXFrameworksBuildPhase;
			buildActionMask = 2147483647;
			files = (
				2F8FB5012B090B8A000B881B /* Alamofire in Frameworks */,
			);
			runOnlyForDeploymentPostprocessing = 0;
		};
/* End PBXFrameworksBuildPhase section */

/* Begin PBXGroup section */
		2F3A8BEC2B0BA2A300D2C01D /* Extensions */ = {
			isa = PBXGroup;
			children = (
				2F3A8BED2B0BA2B300D2C01D /* String.swift */,
			);
			path = Extensions;
			sourceTree = "<group>";
		};
		2F3C82A42B0829C800A5C446 /* Views */ = {
			isa = PBXGroup;
			children = (
				2F8EFAFA2B07EF2A0052EDCC /* SpecialOfferView.swift */,
				2F3C82AC2B082A9800A5C446 /* ProductItemView.swift */,
				2F8FB4FD2B090834000B881B /* CartItemView.swift */,
			);
			path = Views;
			sourceTree = "<group>";
		};
		2F3C82A52B0829DD00A5C446 /* PageViews */ = {
			isa = PBXGroup;
			children = (
				2F3C82A22B08263D00A5C446 /* OffersPage.swift */,
				2F3C82A62B082A0500A5C446 /* MenuPage.swift */,
				2F3C82A82B082A0E00A5C446 /* OrderPage.swift */,
				2F3C82AA2B082A1500A5C446 /* InfoPage.swift */,
				2F8FB4F02B09005A000B881B /* DetailsPage.swift */,
			);
			path = PageViews;
			sourceTree = "<group>";
		};
		2F8EFAE02B07C7870052EDCC = {
			isa = PBXGroup;
			children = (
				2F8EFAEB2B07C7870052EDCC /* CoffeeMasters */,
				2F8EFAEA2B07C7870052EDCC /* Products */,
			);
			sourceTree = "<group>";
		};
		2F8EFAEA2B07C7870052EDCC /* Products */ = {
			isa = PBXGroup;
			children = (
				2F8EFAE92B07C7870052EDCC /* CoffeeMasters.app */,
			);
			name = Products;
			sourceTree = "<group>";
		};
		2F8EFAEB2B07C7870052EDCC /* CoffeeMasters */ = {
			isa = PBXGroup;
			children = (
				2F8FB5022B093A6C000B881B /* Info.plist */,
				2F3A8BEC2B0BA2A300D2C01D /* Extensions */,
				2F8FB4F22B09028B000B881B /* Model */,
				2F3C82A52B0829DD00A5C446 /* PageViews */,
				2F3C82A42B0829C800A5C446 /* Views */,
				2F8EFAEC2B07C7870052EDCC /* CoffeeMastersApp.swift */,
				2F8EFAEE2B07C7870052EDCC /* ContentView.swift */,
				2F8EFAF02B07C7890052EDCC /* Assets.xcassets */,
				2F8EFAF22B07C7890052EDCC /* Preview Content */,
			);
			path = CoffeeMasters;
			sourceTree = "<group>";
		};
		2F8EFAF22B07C7890052EDCC /* Preview Content */ = {
			isa = PBXGroup;
			children = (
				2F8EFAF32B07C7890052EDCC /* Preview Assets.xcassets */,
				2F4F88982B0AA7860039667B /* MockupUtilities.swift */,
			);
			path = "Preview Content";
			sourceTree = "<group>";
		};
		2F8FB4F22B09028B000B881B /* Model */ = {
			isa = PBXGroup;
			children = (
				2F8FB4F32B090297000B881B /* Category.swift */,
				2F8FB4F52B0902AB000B881B /* Product.swift */,
				2F8FB4F72B090486000B881B /* MenuManager.swift */,
				2F8FB4F92B0905CF000B881B /* CartManager.swift */,
				2F4F889A2B0AAA0D0039667B /* CartItem.swift */,
			);
			path = Model;
			sourceTree = "<group>";
		};
/* End PBXGroup section */

/* Begin PBXNativeTarget section */
		2F8EFAE82B07C7870052EDCC /* CoffeeMasters */ = {
			isa = PBXNativeTarget;
			buildConfigurationList = 2F8EFAF72B07C7890052EDCC /* Build configuration list for PBXNativeTarget "CoffeeMasters" */;
			buildPhases = (
				2F8EFAE52B07C7870052EDCC /* Sources */,
				2F8EFAE62B07C7870052EDCC /* Frameworks */,
				2F8EFAE72B07C7870052EDCC /* Resources */,
			);
			buildRules = (
			);
			dependencies = (
			);
			name = CoffeeMasters;
			packageProductDependencies = (
				2F8FB5002B090B8A000B881B /* Alamofire */,
			);
			productName = CoffeeMasters;
			productReference = 2F8EFAE92B07C7870052EDCC /* CoffeeMasters.app */;
			productType = "com.apple.product-type.application";
		};
/* End PBXNativeTarget section */

/* Begin PBXProject section */
		2F8EFAE12B07C7870052EDCC /* Project object */ = {
			isa = PBXProject;
			attributes = {
				BuildIndependentTargetsInParallel = 1;
				LastSwiftUpdateCheck = 1500;
				LastUpgradeCheck = 1500;
				TargetAttributes = {
					2F8EFAE82B07C7870052EDCC = {
						CreatedOnToolsVersion = 15.0.1;
					};
				};
			};
			buildConfigurationList = 2F8EFAE42B07C7870052EDCC /* Build configuration list for PBXProject "CoffeeMasters" */;
			compatibilityVersion = "Xcode 14.0";
			developmentRegion = en;
			hasScannedForEncodings = 0;
			knownRegions = (
				en,
				Base,
			);
			mainGroup = 2F8EFAE02B07C7870052EDCC;
			packageReferences = (
				2F8FB4FF2B090B8A000B881B /* XCRemoteSwiftPackageReference "Alamofire" */,
			);
			productRefGroup = 2F8EFAEA2B07C7870052EDCC /* Products */;
			projectDirPath = "";
			projectRoot = "";
			targets = (
				2F8EFAE82B07C7870052EDCC /* CoffeeMasters */,
			);
		};
/* End PBXProject section */

/* Begin PBXResourcesBuildPhase section */
		2F8EFAE72B07C7870052EDCC /* Resources */ = {
			isa = PBXResourcesBuildPhase;
			buildActionMask = 2147483647;
			files = (
				2F8EFAF42B07C7890052EDCC /* Preview Assets.xcassets in Resources */,
				2F8EFAF12B07C7890052EDCC /* Assets.xcassets in Resources */,
			);
			runOnlyForDeploymentPostprocessing = 0;
		};
/* End PBXResourcesBuildPhase section */

/* Begin PBXSourcesBuildPhase section */
		2F8EFAE52B07C7870052EDCC /* Sources */ = {
			isa = PBXSourcesBuildPhase;
			buildActionMask = 2147483647;
			files = (
				2F8FB4F82B090486000B881B /* MenuManager.swift in Sources */,
				2F8FB4FA2B0905CF000B881B /* CartManager.swift in Sources */,
				2F4F889B2B0AAA0D0039667B /* CartItem.swift in Sources */,
				2F8EFAFB2B07EF2A0052EDCC /* SpecialOfferView.swift in Sources */,
				2F4F88992B0AA7860039667B /* MockupUtilities.swift in Sources */,
				2F8FB4F42B090297000B881B /* Category.swift in Sources */,
				2F3C82A32B08263D00A5C446 /* OffersPage.swift in Sources */,
				2F3C82A72B082A0500A5C446 /* MenuPage.swift in Sources */,
				2F8FB4F12B09005A000B881B /* DetailsPage.swift in Sources */,
				2F8FB4F62B0902AB000B881B /* Product.swift in Sources */,
				2F3C82AB2B082A1500A5C446 /* InfoPage.swift in Sources */,
				2F8FB4FE2B090834000B881B /* CartItemView.swift in Sources */,
				2F3C82AD2B082A9800A5C446 /* ProductItemView.swift in Sources */,
				2F8EFAEF2B07C7870052EDCC /* ContentView.swift in Sources */,
				2F3A8BEE2B0BA2B300D2C01D /* String.swift in Sources */,
				2F3C82A92B082A0E00A5C446 /* OrderPage.swift in Sources */,
				2F8EFAED2B07C7870052EDCC /* CoffeeMastersApp.swift in Sources */,
			);
			runOnlyForDeploymentPostprocessing = 0;
		};
/* End PBXSourcesBuildPhase section */

/* Begin XCBuildConfiguration section */
		2F8EFAF52B07C7890052EDCC /* Debug */ = {
			isa = XCBuildConfiguration;
			buildSettings = {
				ALWAYS_SEARCH_USER_PATHS = NO;
				ASSETCATALOG_COMPILER_GENERATE_SWIFT_ASSET_SYMBOL_EXTENSIONS = YES;
				CLANG_ANALYZER_NONNULL = YES;
				CLANG_ANALYZER_NUMBER_OBJECT_CONVERSION = YES_AGGRESSIVE;
				CLANG_CXX_LANGUAGE_STANDARD = "gnu++20";
				CLANG_ENABLE_MODULES = YES;
				CLANG_ENABLE_OBJC_ARC = YES;
				CLANG_ENABLE_OBJC_WEAK = YES;
				CLANG_WARN_BLOCK_CAPTURE_AUTORELEASING = YES;
				CLANG_WARN_BOOL_CONVERSION = YES;
				CLANG_WARN_COMMA = YES;
				CLANG_WARN_CONSTANT_CONVERSION = YES;
				CLANG_WARN_DEPRECATED_OBJC_IMPLEMENTATIONS = YES;
				CLANG_WARN_DIRECT_OBJC_ISA_USAGE = YES_ERROR;
				CLANG_WARN_DOCUMENTATION_COMMENTS = YES;
				CLANG_WARN_EMPTY_BODY = YES;
				CLANG_WARN_ENUM_CONVERSION = YES;
				CLANG_WARN_INFINITE_RECURSION = YES;
				CLANG_WARN_INT_CONVERSION = YES;
				CLANG_WARN_NON_LITERAL_NULL_CONVERSION = YES;
				CLANG_WARN_OBJC_IMPLICIT_RETAIN_SELF = YES;
				CLANG_WARN_OBJC_LITERAL_CONVERSION = YES;
				CLANG_WARN_OBJC_ROOT_CLASS = YES_ERROR;
				CLANG_WARN_QUOTED_INCLUDE_IN_FRAMEWORK_HEADER = YES;
				CLANG_WARN_RANGE_LOOP_ANALYSIS = YES;
				CLANG_WARN_STRICT_PROTOTYPES = YES;
				CLANG_WARN_SUSPICIOUS_MOVE = YES;
				CLANG_WARN_UNGUARDED_AVAILABILITY = YES_AGGRESSIVE;
				CLANG_WARN_UNREACHABLE_CODE = YES;
				CLANG_WARN__DUPLICATE_METHOD_MATCH = YES;
				COPY_PHASE_STRIP = NO;
				DEBUG_INFORMATION_FORMAT = dwarf;
				ENABLE_STRICT_OBJC_MSGSEND = YES;
				ENABLE_TESTABILITY = YES;
				ENABLE_USER_SCRIPT_SANDBOXING = YES;
				GCC_C_LANGUAGE_STANDARD = gnu17;
				GCC_DYNAMIC_NO_PIC = NO;
				GCC_NO_COMMON_BLOCKS = YES;
				GCC_OPTIMIZATION_LEVEL = 0;
				GCC_PREPROCESSOR_DEFINITIONS = (
					"DEBUG=1",
					"$(inherited)",
				);
				GCC_WARN_64_TO_32_BIT_CONVERSION = YES;
				GCC_WARN_ABOUT_RETURN_TYPE = YES_ERROR;
				GCC_WARN_UNDECLARED_SELECTOR = YES;
				GCC_WARN_UNINITIALIZED_AUTOS = YES_AGGRESSIVE;
				GCC_WARN_UNUSED_FUNCTION = YES;
				GCC_WARN_UNUSED_VARIABLE = YES;
				IPHONEOS_DEPLOYMENT_TARGET = 17.0;
				LOCALIZATION_PREFERS_STRING_CATALOGS = YES;
				MTL_ENABLE_DEBUG_INFO = INCLUDE_SOURCE;
				MTL_FAST_MATH = YES;
				ONLY_ACTIVE_ARCH = YES;
				SDKROOT = iphoneos;
				SWIFT_ACTIVE_COMPILATION_CONDITIONS = "DEBUG $(inherited)";
				SWIFT_OPTIMIZATION_LEVEL = "-Onone";
			};
			name = Debug;
		};
		2F8EFAF62B07C7890052EDCC /* Release */ = {
			isa = XCBuildConfiguration;
			buildSettings = {
				ALWAYS_SEARCH_USER_PATHS = NO;
				ASSETCATALOG_COMPILER_GENERATE_SWIFT_ASSET_SYMBOL_EXTENSIONS = YES;
				CLANG_ANALYZER_NONNULL = YES;
				CLANG_ANALYZER_NUMBER_OBJECT_CONVERSION = YES_AGGRESSIVE;
				CLANG_CXX_LANGUAGE_STANDARD = "gnu++20";
				CLANG_ENABLE_MODULES = YES;
				CLANG_ENABLE_OBJC_ARC = YES;
				CLANG_ENABLE_OBJC_WEAK = YES;
				CLANG_WARN_BLOCK_CAPTURE_AUTORELEASING = YES;
				CLANG_WARN_BOOL_CONVERSION = YES;
				CLANG_WARN_COMMA = YES;
				CLANG_WARN_CONSTANT_CONVERSION = YES;
				CLANG_WARN_DEPRECATED_OBJC_IMPLEMENTATIONS = YES;
				CLANG_WARN_DIRECT_OBJC_ISA_USAGE = YES_ERROR;
				CLANG_WARN_DOCUMENTATION_COMMENTS = YES;
				CLANG_WARN_EMPTY_BODY = YES;
				CLANG_WARN_ENUM_CONVERSION = YES;
				CLANG_WARN_INFINITE_RECURSION = YES;
				CLANG_WARN_INT_CONVERSION = YES;
				CLANG_WARN_NON_LITERAL_NULL_CONVERSION = YES;
				CLANG_WARN_OBJC_IMPLICIT_RETAIN_SELF = YES;
				CLANG_WARN_OBJC_LITERAL_CONVERSION = YES;
				CLANG_WARN_OBJC_ROOT_CLASS = YES_ERROR;
				CLANG_WARN_QUOTED_INCLUDE_IN_FRAMEWORK_HEADER = YES;
				CLANG_WARN_RANGE_LOOP_ANALYSIS = YES;
				CLANG_WARN_STRICT_PROTOTYPES = YES;
				CLANG_WARN_SUSPICIOUS_MOVE = YES;
				CLANG_WARN_UNGUARDED_AVAILABILITY = YES_AGGRESSIVE;
				CLANG_WARN_UNREACHABLE_CODE = YES;
				CLANG_WARN__DUPLICATE_METHOD_MATCH = YES;
				COPY_PHASE_STRIP = NO;
				DEBUG_INFORMATION_FORMAT = "dwarf-with-dsym";
				ENABLE_NS_ASSERTIONS = NO;
				ENABLE_STRICT_OBJC_MSGSEND = YES;
				ENABLE_USER_SCRIPT_SANDBOXING = YES;
				GCC_C_LANGUAGE_STANDARD = gnu17;
				GCC_NO_COMMON_BLOCKS = YES;
				GCC_WARN_64_TO_32_BIT_CONVERSION = YES;
				GCC_WARN_ABOUT_RETURN_TYPE = YES_ERROR;
				GCC_WARN_UNDECLARED_SELECTOR = YES;
				GCC_WARN_UNINITIALIZED_AUTOS = YES_AGGRESSIVE;
				GCC_WARN_UNUSED_FUNCTION = YES;
				GCC_WARN_UNUSED_VARIABLE = YES;
				IPHONEOS_DEPLOYMENT_TARGET = 17.0;
				LOCALIZATION_PREFERS_STRING_CATALOGS = YES;
				MTL_ENABLE_DEBUG_INFO = NO;
				MTL_FAST_MATH = YES;
				SDKROOT = iphoneos;
				SWIFT_COMPILATION_MODE = wholemodule;
				VALIDATE_PRODUCT = YES;
			};
			name = Release;
		};
		2F8EFAF82B07C7890052EDCC /* Debug */ = {
			isa = XCBuildConfiguration;
			buildSettings = {
				ASSETCATALOG_COMPILER_APPICON_NAME = AppIcon;
				ASSETCATALOG_COMPILER_GLOBAL_ACCENT_COLOR_NAME = AccentColor;
				CODE_SIGN_STYLE = Automatic;
				CURRENT_PROJECT_VERSION = 1;
				DEVELOPMENT_ASSET_PATHS = "\"CoffeeMasters/Preview Content\"";
				DEVELOPMENT_TEAM = 764Y5F8PLG;
				ENABLE_PREVIEWS = YES;
				GENERATE_INFOPLIST_FILE = YES;
				INFOPLIST_FILE = CoffeeMasters/Info.plist;
				INFOPLIST_KEY_UIApplicationSceneManifest_Generation = YES;
				INFOPLIST_KEY_UIApplicationSupportsIndirectInputEvents = YES;
				INFOPLIST_KEY_UISupportedInterfaceOrientations_iPad = "UIInterfaceOrientationPortrait UIInterfaceOrientationPortraitUpsideDown UIInterfaceOrientationLandscapeLeft UIInterfaceOrientationLandscapeRight";
				INFOPLIST_KEY_UISupportedInterfaceOrientations_iPhone = "UIInterfaceOrientationPortrait UIInterfaceOrientationLandscapeLeft UIInterfaceOrientationLandscapeRight";
				LD_RUNPATH_SEARCH_PATHS = (
					"$(inherited)",
					"@executable_path/Frameworks",
				);
				MARKETING_VERSION = 1.0;
				PRODUCT_BUNDLE_IDENTIFIER = io.github.tsgrissom.CoffeeMasters;
				PRODUCT_NAME = "$(TARGET_NAME)";
				SWIFT_EMIT_LOC_STRINGS = YES;
				SWIFT_VERSION = 5.0;
				TARGETED_DEVICE_FAMILY = "1,2";
			};
			name = Debug;
		};
		2F8EFAF92B07C7890052EDCC /* Release */ = {
			isa = XCBuildConfiguration;
			buildSettings = {
				ASSETCATALOG_COMPILER_APPICON_NAME = AppIcon;
				ASSETCATALOG_COMPILER_GLOBAL_ACCENT_COLOR_NAME = AccentColor;
				CODE_SIGN_STYLE = Automatic;
				CURRENT_PROJECT_VERSION = 1;
				DEVELOPMENT_ASSET_PATHS = "\"CoffeeMasters/Preview Content\"";
				DEVELOPMENT_TEAM = 764Y5F8PLG;
				ENABLE_PREVIEWS = YES;
				GENERATE_INFOPLIST_FILE = YES;
				INFOPLIST_FILE = CoffeeMasters/Info.plist;
				INFOPLIST_KEY_UIApplicationSceneManifest_Generation = YES;
				INFOPLIST_KEY_UIApplicationSupportsIndirectInputEvents = YES;
				INFOPLIST_KEY_UISupportedInterfaceOrientations_iPad = "UIInterfaceOrientationPortrait UIInterfaceOrientationPortraitUpsideDown UIInterfaceOrientationLandscapeLeft UIInterfaceOrientationLandscapeRight";
				INFOPLIST_KEY_UISupportedInterfaceOrientations_iPhone = "UIInterfaceOrientationPortrait UIInterfaceOrientationLandscapeLeft UIInterfaceOrientationLandscapeRight";
				LD_RUNPATH_SEARCH_PATHS = (
					"$(inherited)",
					"@executable_path/Frameworks",
				);
				MARKETING_VERSION = 1.0;
				PRODUCT_BUNDLE_IDENTIFIER = io.github.tsgrissom.CoffeeMasters;
				PRODUCT_NAME = "$(TARGET_NAME)";
				SWIFT_EMIT_LOC_STRINGS = YES;
				SWIFT_VERSION = 5.0;
				TARGETED_DEVICE_FAMILY = "1,2";
			};
			name = Release;
		};
/* End XCBuildConfiguration section */

/* Begin XCConfigurationList section */
		2F8EFAE42B07C7870052EDCC /* Build configuration list for PBXProject "CoffeeMasters" */ = {
			isa = XCConfigurationList;
			buildConfigurations = (
				2F8EFAF52B07C7890052EDCC /* Debug */,
				2F8EFAF62B07C7890052EDCC /* Release */,
			);
			defaultConfigurationIsVisible = 0;
			defaultConfigurationName = Release;
		};
		2F8EFAF72B07C7890052EDCC /* Build configuration list for PBXNativeTarget "CoffeeMasters" */ = {
			isa = XCConfigurationList;
			buildConfigurations = (
				2F8EFAF82B07C7890052EDCC /* Debug */,
				2F8EFAF92B07C7890052EDCC /* Release */,
			);
			defaultConfigurationIsVisible = 0;
			defaultConfigurationName = Release;
		};
/* End XCConfigurationList section */

/* Begin XCRemoteSwiftPackageReference section */
		2F8FB4FF2B090B8A000B881B /* XCRemoteSwiftPackageReference "Alamofire" */ = {
			isa = XCRemoteSwiftPackageReference;
			repositoryURL = "https://github.com/Alamofire/Alamofire.git";
			requirement = {
				kind = upToNextMajorVersion;
				minimumVersion = 5.8.1;
			};
		};
/* End XCRemoteSwiftPackageReference section */

/* Begin XCSwiftPackageProductDependency section */
		2F8FB5002B090B8A000B881B /* Alamofire */ = {
			isa = XCSwiftPackageProductDependency;
			package = 2F8FB4FF2B090B8A000B881B /* XCRemoteSwiftPackageReference "Alamofire" */;
			productName = Alamofire;
		};
/* End XCSwiftPackageProductDependency section */
	};
	rootObject = 2F8EFAE12B07C7870052EDCC /* Project object */;
}
